<?xml version="1.0" encoding="UTF-8" standalone="yes" ?>
<CodeBlocks_project_file>
	<FileVersion major="1" minor="6" />
	<Project>
		<Option title="c7" />
		<Option pch_mode="2" />
		<Option compiler="cygwin" />
		<Build>
			<Target title="Debug">
				<Option output=".\$(PROJECT_NAME)" prefix_auto="1" extension_auto="1" />
				<Option object_output="out\Debug\" />
				<Option type="1" />
				<Option compiler="cygwin" />
				<Option parameters="-v" />
			</Target>
		</Build>
		<Compiler>
			<Add option="-std=c++0x" />
			<Add option="-Wextra" />
			<Add option="-Wall" />
			<Add option="-g" />
			<Add option="-Werror" />
			<Add directory="e:\cpputest\include" />
			<Add directory="c7\library\include" />
			<Add directory="c7" />
			<Add directory="." />
		</Compiler>
		<Linker>
			<Add library="CppUTest" />
			<Add library="CppUTestExt" />
			<Add directory="e:\cpputest\lib" />
			<Add directory="e:\jsoncpp\lib" />
			<Add directory="e:\libcurl\lib" />
		</Linker>
		<ExtraCommands>
			<Add after="echo ./$(PROJECT_NAME).exe" />
			<Mode after="always" />
		</ExtraCommands>
		<Unit filename="CppUTestMain.cpp" />
		<Unit filename="assert_throw.h" />
		<Unit filename="c7\boost\algorithm\string.hpp" />
		<Unit filename="c7\boost\assign\list_of.hpp" />
		<Unit filename="c7\boost\date_time\gregorian\gregorian_types.hpp" />
		<Unit filename="c7\libraryTest\ASSERT_CURRENT_STATE.h" />
		<Unit filename="c7\libraryTest\BranchServiceTest.cpp" />
		<Unit filename="c7\libraryTest\HoldingServiceTest.cpp" />
		<Unit filename="c7\libraryTest\HoldingTest.cpp" />
		<Unit filename="c7\libraryTest\PersistenceTest.cpp" />
		<Unit filename="c7\libraryTest\PersistenceTest.h" />
		<Unit filename="c7\libraryTest\RomanTest.cpp" />
		<Unit filename="c7\libraryTest\TestSerializable.h" />
		<Unit filename="c7\library\Book.cpp" />
		<Unit filename="c7\library\Branch.cpp" />
		<Unit filename="c7\library\BranchAccess.cpp" />
		<Unit filename="c7\library\BranchService.cpp" />
		<Unit filename="c7\library\Catalog.cpp" />
		<Unit filename="c7\library\ClassificationService.cpp" />
		<Unit filename="c7\library\Endpoint.cpp" />
		<Unit filename="c7\library\EndpointValidator.cpp" />
		<Unit filename="c7\library\Holding.cpp" />
		<Unit filename="c7\library\HoldingService.cpp" />
		<Unit filename="c7\library\InventoryReport.cpp">
			<Option target="&lt;{~None~}&gt;" />
		</Unit>
		<Unit filename="c7\library\MailDestination.cpp" />
		<Unit filename="c7\library\MailMessage.cpp" />
		<Unit filename="c7\library\Patron.cpp" />
		<Unit filename="c7\library\PatronAccess.cpp" />
		<Unit filename="c7\library\PatronService.cpp" />
		<Unit filename="c7\library\RomanConverter.cpp" />
		<Unit filename="c7\library\Scanner.cpp" />
		<Unit filename="c7\library\ScannerState.cpp" />
		<Unit filename="c7\library\ScannerStateCheckin.cpp" />
		<Unit filename="c7\library\ScannerStateCheckout.cpp" />
		<Unit filename="c7\library\ScannerStateInventory.cpp" />
		<Unit filename="c7\library\ScannerStateWaiting.cpp" />
		<Unit filename="c7\library\StreamLineReader.cpp" />
		<Unit filename="c7\library\TimestampSource.cpp" />
		<Unit filename="c7\library\Transport.cpp" />
		<Unit filename="c7\library\include\BarcodeUtil.h" />
		<Unit filename="c7\library\include\Book.h" />
		<Unit filename="c7\library\include\Branch.h" />
		<Unit filename="c7\library\include\BranchAccess.h" />
		<Unit filename="c7\library\include\BranchService.h" />
		<Unit filename="c7\library\include\Catalog.h" />
		<Unit filename="c7\library\include\ClassificationData.h" />
		<Unit filename="c7\library\include\ClassificationService.h" />
		<Unit filename="c7\library\include\CreditVerifier.h" />
		<Unit filename="c7\library\include\DisplayListener.h" />
		<Unit filename="c7\library\include\Endpoint.h" />
		<Unit filename="c7\library\include\EndpointValidator.h" />
		<Unit filename="c7\library\include\Holding.h" />
		<Unit filename="c7\library\include\HoldingBarcode.h" />
		<Unit filename="c7\library\include\HoldingService.h" />
		<Unit filename="c7\library\include\InvalidBarcodeException.h" />
		<Unit filename="c7\library\include\InventoryReport.h" />
		<Unit filename="c7\library\include\KeyedFilePersistence.h" />
		<Unit filename="c7\library\include\KeyedMemoryPersistence.h" />
		<Unit filename="c7\library\include\MailDestination.h" />
		<Unit filename="c7\library\include\MailMessage.h" />
		<Unit filename="c7\library\include\NCC1701ADisplay.h" />
		<Unit filename="c7\library\include\Patron.h" />
		<Unit filename="c7\library\include\PatronAccess.h" />
		<Unit filename="c7\library\include\PatronNotFoundException.h" />
		<Unit filename="c7\library\include\PatronService.h" />
		<Unit filename="c7\library\include\Persistence.h" />
		<Unit filename="c7\library\include\Report.h" />
		<Unit filename="c7\library\include\ReportMailer.h" />
		<Unit filename="c7\library\include\RomanConverter.h" />
		<Unit filename="c7\library\include\Scanner.h" />
		<Unit filename="c7\library\include\ScannerState.h" />
		<Unit filename="c7\library\include\ScannerStateCheckin.h" />
		<Unit filename="c7\library\include\ScannerStateCheckout.h" />
		<Unit filename="c7\library\include\ScannerStateInventory.h" />
		<Unit filename="c7\library\include\ScannerStateWaiting.h" />
		<Unit filename="c7\library\include\Serializable.h" />
		<Unit filename="c7\library\include\StreamLineReader.h" />
		<Unit filename="c7\library\include\TimestampSource.h" />
		<Unit filename="c7\library\include\Transport.h" />
		<Unit filename="c7\library\include\VectorReader.h" />
		<Unit filename="c7\library\include\VectorWriter.h" />
		<Unit filename="c7\linereader\LineReader.h" />
		<Unit filename="c7\linereader\LineReaderTest.cpp" />
		<Unit filename="c7\linereader\sys_stubs.h" />
		<Extensions>
			<code_completion />
			<debugger />
			<envvars />
		</Extensions>
	</Project>
</CodeBlocks_project_file>
